
Microsoft Visual Studio Solution File, Format Version 12.00
# Visual Studio Version 17
VisualStudioVersion = 17.0.31903.59
MinimumVisualStudioVersion = 10.0.40219.1
Project("{FAE04EC0-301F-11D3-BF4B-00C04F79EFBC}") = "HundredX.API", "HundredX.API\HundredX.API.csproj", "{AE0DA5AC-EECC-4EEA-8977-EE025B06DB2A}"
EndProject
Project("{FAE04EC0-301F-11D3-BF4B-00C04F79EFBC}") = "HundredX.API.IntegrationTests", "HundredX.API.IntegrationTests\HundredX.API.IntegrationTests.csproj", "{A80D76FB-1B72-44E1-A111-A2E2F1E408ED}"
EndProject
Global
  GlobalSection(SolutionConfigurationPlatforms) = preSolution
    Debug|Mixed Platforms = Debug|Mixed Platforms
    Release|Mixed Platforms = Release|Mixed Platforms
  EndGlobalSection
	GlobalSection(ProjectConfigurationPlatforms) = postSolution
		{AE0DA5AC-EECC-4EEA-8977-EE025B06DB2A}.Debug|Any CPU.ActiveCfg = Debug|Any CPU
		{AE0DA5AC-EECC-4EEA-8977-EE025B06DB2A}.Debug|Any CPU.Build.0 = Debug|Any CPU
		{AE0DA5AC-EECC-4EEA-8977-EE025B06DB2A}.Debug|x64.ActiveCfg = Debug|Any CPU
		{AE0DA5AC-EECC-4EEA-8977-EE025B06DB2A}.Debug|x64.Build.0 = Debug|Any CPU
		{AE0DA5AC-EECC-4EEA-8977-EE025B06DB2A}.Debug|x86.ActiveCfg = Debug|Any CPU
		{AE0DA5AC-EECC-4EEA-8977-EE025B06DB2A}.Debug|x86.Build.0 = Debug|Any CPU
		{AE0DA5AC-EECC-4EEA-8977-EE025B06DB2A}.Release|Any CPU.ActiveCfg = Release|Any CPU
		{AE0DA5AC-EECC-4EEA-8977-EE025B06DB2A}.Release|Any CPU.Build.0 = Release|Any CPU
		{AE0DA5AC-EECC-4EEA-8977-EE025B06DB2A}.Release|x64.ActiveCfg = Release|Any CPU
		{AE0DA5AC-EECC-4EEA-8977-EE025B06DB2A}.Release|x64.Build.0 = Release|Any CPU
		{AE0DA5AC-EECC-4EEA-8977-EE025B06DB2A}.Release|x86.ActiveCfg = Release|Any CPU
		{AE0DA5AC-EECC-4EEA-8977-EE025B06DB2A}.Release|x86.Build.0 = Release|Any CPU
		{A80D76FB-1B72-44E1-A111-A2E2F1E408ED}.Debug|Any CPU.ActiveCfg = Debug|Any CPU
		{A80D76FB-1B72-44E1-A111-A2E2F1E408ED}.Debug|Any CPU.Build.0 = Debug|Any CPU
		{A80D76FB-1B72-44E1-A111-A2E2F1E408ED}.Debug|x64.ActiveCfg = Debug|Any CPU
		{A80D76FB-1B72-44E1-A111-A2E2F1E408ED}.Debug|x64.Build.0 = Debug|Any CPU
		{A80D76FB-1B72-44E1-A111-A2E2F1E408ED}.Debug|x86.ActiveCfg = Debug|Any CPU
		{A80D76FB-1B72-44E1-A111-A2E2F1E408ED}.Debug|x86.Build.0 = Debug|Any CPU
		{A80D76FB-1B72-44E1-A111-A2E2F1E408ED}.Release|Any CPU.ActiveCfg = Release|Any CPU
		{A80D76FB-1B72-44E1-A111-A2E2F1E408ED}.Release|Any CPU.Build.0 = Release|Any CPU
		{A80D76FB-1B72-44E1-A111-A2E2F1E408ED}.Release|x64.ActiveCfg = Release|Any CPU
		{A80D76FB-1B72-44E1-A111-A2E2F1E408ED}.Release|x64.Build.0 = Release|Any CPU
		{A80D76FB-1B72-44E1-A111-A2E2F1E408ED}.Release|x86.ActiveCfg = Release|Any CPU
		{A80D76FB-1B72-44E1-A111-A2E2F1E408ED}.Release|x86.Build.0 = Release|Any CPU
	EndGlobalSection
	GlobalSection(SolutionProperties) = preSolution
		HideSolutionNode = FALSE
	EndGlobalSection
EndGlobal
